
Microsoft Visual Studio Solution File, Format Version 12.00
# Visual Studio 15
Project("{FAE04EC0-301F-11D3-BF4B-00C04F79EFBC}") = "web3", "web3\web3.csproj", "{C431ABA9-0DD1-45E0-A371-C59D5CB28547}"
EndProject
Project("{FAE04EC0-301F-11D3-BF4B-00C04F79EFBC}") = "web3.Tests", "web3.Tests\web3.Tests.csproj", "{EDE09CF5-E105-4D82-AEED-0B3698A54450}"
EndProject
Global
	GlobalSection(SolutionConfigurationPlatforms) = preSolution
		Debug|Any CPU = Debug|Any CPU
		Release|Any CPU = Release|Any CPU
	EndGlobalSection
	GlobalSection(ProjectConfigurationPlatforms) = postSolution
		{C431ABA9-0DD1-45E0-A371-C59D5CB28547}.Debug|Any CPU.ActiveCfg = Debug|Any CPU
		{C431ABA9-0DD1-45E0-A371-C59D5CB28547}.Debug|Any CPU.Build.0 = Debug|Any CPU
		{C431ABA9-0DD1-45E0-A371-C59D5CB28547}.Release|Any CPU.ActiveCfg = Release|Any CPU
		{C431ABA9-0DD1-45E0-A371-C59D5CB28547}.Release|Any CPU.Build.0 = Release|Any CPU
		{EDE09CF5-E105-4D82-AEED-0B3698A54450}.Debug|Any CPU.ActiveCfg = Debug|Any CPU
		{EDE09CF5-E105-4D82-AEED-0B3698A54450}.Debug|Any CPU.Build.0 = Debug|Any CPU
		{EDE09CF5-E105-4D82-AEED-0B3698A54450}.Release|Any CPU.ActiveCfg = Release|Any CPU
		{EDE09CF5-E105-4D82-AEED-0B3698A54450}.Release|Any CPU.Build.0 = Release|Any CPU
	EndGlobalSection
EndGlobal
